{
  "originHash" : "8969477066060098098",
  "pins" : [
    {
      "identity" : "keyboardkit",
      "kind" : "remoteSourceControl",
      "location" : "https://github.com/KeyboardKit/KeyboardKit.git",
      "state" : {
        "revision" : "9b38e0a836367363636363636363636363636363",
        "version" : "8.9.6"
      }
    }
  ],
  "version" : 3
}
