{
  "originHash" : "8969477066060098098",
  "pins" : [
    {
      "identity" : "keyboardkit",
      "kind" : "remoteSourceControl",
      "location" : "https://github.com/KeyboardKit/KeyboardKit.git",
      "state" : {
        "revision" : "16c7639836367363636363636363636363636363",
        "version" : "10.4.1"
      }
    }
  ],
  "version" : 3
}
